
Microsoft Visual Studio Solution File, Format Version 12.00
# Visual Studio 15
VisualStudioVersion = 15.0.28307.271
MinimumVisualStudioVersion = 10.0.40219.1
Project("{FAE04EC0-301F-11D3-BF4B-00C04F79EFBC}") = "WebApps", "WebApps\WebApps.csproj", "{78FED050-935D-47B0-9ADA-3F2466D553FD}"
EndProject
Global
	GlobalSection(SolutionConfigurationPlatforms) = preSolution
		Debug|Any CPU = Debug|Any CPU
		Release|Any CPU = Release|Any CPU
	EndGlobalSection
	GlobalSection(ProjectConfigurationPlatforms) = postSolution
		{78FED050-935D-47B0-9ADA-3F2466D553FD}.Debug|Any CPU.ActiveCfg = Debug|Any CPU
		{78FED050-935D-47B0-9ADA-3F2466D553FD}.Debug|Any CPU.Build.0 = Debug|Any CPU
		{78FED050-935D-47B0-9ADA-3F2466D553FD}.Release|Any CPU.ActiveCfg = Release|Any CPU
		{78FED050-935D-47B0-9ADA-3F2466D553FD}.Release|Any CPU.Build.0 = Release|Any CPU
	EndGlobalSection
	GlobalSection(SolutionProperties) = preSolution
		HideSolutionNode = FALSE
	EndGlobalSection
	GlobalSection(ExtensibilityGlobals) = postSolution
		SolutionGuid = {124FA28F-7B1D-4B09-8977-24A91E2CE978}
	EndGlobalSection
EndGlobal
